// !$*UTF8*$!
{
	archiveVersion = 1;
	classes = {
	};
	objectVersion = 50;
	objects = {

/* Begin PBXBuildFile section */
		6012EAD724292D4F00D93F77 /* TabBarController.swift in Sources */ = {isa = PBXBuildFile; fileRef = 6012EAD624292D4F00D93F77 /* TabBarController.swift */; };
		6024A74A242D409500BF768E /* RemindersLabel.swift in Sources */ = {isa = PBXBuildFile; fileRef = 6024A749242D409500BF768E /* RemindersLabel.swift */; };
		6024A74C242D4AFB00BF768E /* RemindersRow.swift in Sources */ = {isa = PBXBuildFile; fileRef = 6024A74B242D4AFB00BF768E /* RemindersRow.swift */; };
		604F07952427C3EA0033DE61 /* AppDelegate.swift in Sources */ = {isa = PBXBuildFile; fileRef = 604F07942427C3EA0033DE61 /* AppDelegate.swift */; };
		604F07972427C3EA0033DE61 /* SceneDelegate.swift in Sources */ = {isa = PBXBuildFile; fileRef = 604F07962427C3EA0033DE61 /* SceneDelegate.swift */; };
		604F07992427C3EA0033DE61 /* ScheduleViewController.swift in Sources */ = {isa = PBXBuildFile; fileRef = 604F07982427C3EA0033DE61 /* ScheduleViewController.swift */; };
		604F079B2427C3EA0033DE61 /* CalendarViewController.swift in Sources */ = {isa = PBXBuildFile; fileRef = 604F079A2427C3EA0033DE61 /* CalendarViewController.swift */; };
		604F07A12427C3EA0033DE61 /* Schedular.xcdatamodeld in Sources */ = {isa = PBXBuildFile; fileRef = 604F079F2427C3EA0033DE61 /* Schedular.xcdatamodeld */; };
		604F07A32427C3EC0033DE61 /* Assets.xcassets in Resources */ = {isa = PBXBuildFile; fileRef = 604F07A22427C3EC0033DE61 /* Assets.xcassets */; };
		604F07A62427C3EC0033DE61 /* LaunchScreen.storyboard in Resources */ = {isa = PBXBuildFile; fileRef = 604F07A42427C3EC0033DE61 /* LaunchScreen.storyboard */; };
		604F07B12427C3EC0033DE61 /* SchedularTests.swift in Sources */ = {isa = PBXBuildFile; fileRef = 604F07B02427C3EC0033DE61 /* SchedularTests.swift */; };
		604F07BC2427C3EC0033DE61 /* SchedularUITests.swift in Sources */ = {isa = PBXBuildFile; fileRef = 604F07BB2427C3EC0033DE61 /* SchedularUITests.swift */; };
		605859BE24294F2B00F2799D /* ColorPallete.swift in Sources */ = {isa = PBXBuildFile; fileRef = 605859BD24294F2B00F2799D /* ColorPallete.swift */; };
		605859C02429570E00F2799D /* SettingsViewController.swift in Sources */ = {isa = PBXBuildFile; fileRef = 605859BF2429570E00F2799D /* SettingsViewController.swift */; };
		606AFEC7242A9FEB00828350 /* Localizer.swift in Sources */ = {isa = PBXBuildFile; fileRef = 606AFEC6242A9FEB00828350 /* Localizer.swift */; };
		606AFEC9242AA02D00828350 /* Localizable.strings in Resources */ = {isa = PBXBuildFile; fileRef = 606AFEC8242AA02D00828350 /* Localizable.strings */; };
		606AFECB242AA95800828350 /* RemindersCard.swift in Sources */ = {isa = PBXBuildFile; fileRef = 606AFECA242AA95800828350 /* RemindersCard.swift */; };
		607DBF4C242FE8FB00114DB7 /* InfoPlist.strings in Resources */ = {isa = PBXBuildFile; fileRef = 607DBF4B242FE8FB00114DB7 /* InfoPlist.strings */; };
		607DBF62242FEE2600114DB7 /* SF-Pro-Display-RegularItalic.otf in Resources */ = {isa = PBXBuildFile; fileRef = 607DBF50242FEE2300114DB7 /* SF-Pro-Display-RegularItalic.otf */; };
		607DBF63242FEE2600114DB7 /* SF-Pro-Display-MediumItalic.otf in Resources */ = {isa = PBXBuildFile; fileRef = 607DBF51242FEE2400114DB7 /* SF-Pro-Display-MediumItalic.otf */; };
		607DBF64242FEE2600114DB7 /* SF-Pro-Display-Medium.otf in Resources */ = {isa = PBXBuildFile; fileRef = 607DBF52242FEE2400114DB7 /* SF-Pro-Display-Medium.otf */; };
		607DBF65242FEE2600114DB7 /* SF-Pro-Display-Light.otf in Resources */ = {isa = PBXBuildFile; fileRef = 607DBF53242FEE2400114DB7 /* SF-Pro-Display-Light.otf */; };
		607DBF66242FEE2600114DB7 /* SF-Pro-Display-Bold.otf in Resources */ = {isa = PBXBuildFile; fileRef = 607DBF54242FEE2400114DB7 /* SF-Pro-Display-Bold.otf */; };
		607DBF67242FEE2600114DB7 /* SF-Pro-Display-Thin.otf in Resources */ = {isa = PBXBuildFile; fileRef = 607DBF55242FEE2400114DB7 /* SF-Pro-Display-Thin.otf */; };
		607DBF68242FEE2600114DB7 /* SF-Pro-Display-LightItalic.otf in Resources */ = {isa = PBXBuildFile; fileRef = 607DBF56242FEE2400114DB7 /* SF-Pro-Display-LightItalic.otf */; };
		607DBF69242FEE2600114DB7 /* SF-Pro-Display-Ultralight.otf in Resources */ = {isa = PBXBuildFile; fileRef = 607DBF57242FEE2400114DB7 /* SF-Pro-Display-Ultralight.otf */; };
		607DBF6A242FEE2600114DB7 /* SF-Pro-Display-UltralightItalic.otf in Resources */ = {isa = PBXBuildFile; fileRef = 607DBF58242FEE2400114DB7 /* SF-Pro-Display-UltralightItalic.otf */; };
		607DBF6B242FEE2600114DB7 /* SF-Pro-Display-SemiboldItalic.otf in Resources */ = {isa = PBXBuildFile; fileRef = 607DBF59242FEE2500114DB7 /* SF-Pro-Display-SemiboldItalic.otf */; };
		607DBF6C242FEE2600114DB7 /* SF-Pro-Display-ThinItalic.otf in Resources */ = {isa = PBXBuildFile; fileRef = 607DBF5A242FEE2500114DB7 /* SF-Pro-Display-ThinItalic.otf */; };
		607DBF6D242FEE2600114DB7 /* SF-Pro-Display-Heavy.otf in Resources */ = {isa = PBXBuildFile; fileRef = 607DBF5B242FEE2500114DB7 /* SF-Pro-Display-Heavy.otf */; };
		607DBF6E242FEE2600114DB7 /* SF-Pro-Display-BoldItalic.otf in Resources */ = {isa = PBXBuildFile; fileRef = 607DBF5C242FEE2500114DB7 /* SF-Pro-Display-BoldItalic.otf */; };
		607DBF6F242FEE2600114DB7 /* SF-Pro-Display-Semibold.otf in Resources */ = {isa = PBXBuildFile; fileRef = 607DBF5D242FEE2500114DB7 /* SF-Pro-Display-Semibold.otf */; };
		607DBF70242FEE2600114DB7 /* SF-Pro-Display-Black.otf in Resources */ = {isa = PBXBuildFile; fileRef = 607DBF5E242FEE2500114DB7 /* SF-Pro-Display-Black.otf */; };
		607DBF71242FEE2600114DB7 /* SF-Pro-Display-HeavyItalic.otf in Resources */ = {isa = PBXBuildFile; fileRef = 607DBF5F242FEE2600114DB7 /* SF-Pro-Display-HeavyItalic.otf */; };
		607DBF72242FEE2600114DB7 /* SF-Pro-Display-BlackItalic.otf in Resources */ = {isa = PBXBuildFile; fileRef = 607DBF60242FEE2600114DB7 /* SF-Pro-Display-BlackItalic.otf */; };
		607DBF73242FEE2600114DB7 /* SF-Pro-Display-Regular.otf in Resources */ = {isa = PBXBuildFile; fileRef = 607DBF61242FEE2600114DB7 /* SF-Pro-Display-Regular.otf */; };
		607DBF87242FEE6D00114DB7 /* SF-Pro-Text-BoldItalic.otf in Resources */ = {isa = PBXBuildFile; fileRef = 607DBF75242FEE6B00114DB7 /* SF-Pro-Text-BoldItalic.otf */; };
		607DBF88242FEE6D00114DB7 /* SF-Pro-Text-Thin.otf in Resources */ = {isa = PBXBuildFile; fileRef = 607DBF76242FEE6B00114DB7 /* SF-Pro-Text-Thin.otf */; };
		607DBF89242FEE6D00114DB7 /* SF-Pro-Text-Medium.otf in Resources */ = {isa = PBXBuildFile; fileRef = 607DBF77242FEE6B00114DB7 /* SF-Pro-Text-Medium.otf */; };
		607DBF8A242FEE6D00114DB7 /* SF-Pro-Text-Semibold.otf in Resources */ = {isa = PBXBuildFile; fileRef = 607DBF78242FEE6B00114DB7 /* SF-Pro-Text-Semibold.otf */; };
		607DBF8B242FEE6D00114DB7 /* SF-Pro-Text-HeavyItalic.otf in Resources */ = {isa = PBXBuildFile; fileRef = 607DBF79242FEE6B00114DB7 /* SF-Pro-Text-HeavyItalic.otf */; };
		607DBF8C242FEE6D00114DB7 /* SF-Pro-Text-Black.otf in Resources */ = {isa = PBXBuildFile; fileRef = 607DBF7A242FEE6B00114DB7 /* SF-Pro-Text-Black.otf */; };
		607DBF8D242FEE6D00114DB7 /* SF-Pro-Text-LightItalic.otf in Resources */ = {isa = PBXBuildFile; fileRef = 607DBF7B242FEE6B00114DB7 /* SF-Pro-Text-LightItalic.otf */; };
		607DBF8E242FEE6D00114DB7 /* SF-Pro-Text-UltralightItalic.otf in Resources */ = {isa = PBXBuildFile; fileRef = 607DBF7C242FEE6B00114DB7 /* SF-Pro-Text-UltralightItalic.otf */; };
		607DBF8F242FEE6D00114DB7 /* SF-Pro-Text-ThinItalic.otf in Resources */ = {isa = PBXBuildFile; fileRef = 607DBF7D242FEE6C00114DB7 /* SF-Pro-Text-ThinItalic.otf */; };
		607DBF90242FEE6D00114DB7 /* SF-Pro-Text-Regular.otf in Resources */ = {isa = PBXBuildFile; fileRef = 607DBF7E242FEE6C00114DB7 /* SF-Pro-Text-Regular.otf */; };
		607DBF91242FEE6D00114DB7 /* SF-Pro-Text-Light.otf in Resources */ = {isa = PBXBuildFile; fileRef = 607DBF7F242FEE6C00114DB7 /* SF-Pro-Text-Light.otf */; };
		607DBF92242FEE6D00114DB7 /* SF-Pro-Text-RegularItalic.otf in Resources */ = {isa = PBXBuildFile; fileRef = 607DBF80242FEE6C00114DB7 /* SF-Pro-Text-RegularItalic.otf */; };
		607DBF93242FEE6D00114DB7 /* SF-Pro-Text-Ultralight.otf in Resources */ = {isa = PBXBuildFile; fileRef = 607DBF81242FEE6C00114DB7 /* SF-Pro-Text-Ultralight.otf */; };
		607DBF94242FEE6D00114DB7 /* SF-Pro-Text-BlackItalic.otf in Resources */ = {isa = PBXBuildFile; fileRef = 607DBF82242FEE6C00114DB7 /* SF-Pro-Text-BlackItalic.otf */; };
		607DBF95242FEE6D00114DB7 /* SF-Pro-Text-SemiboldItalic.otf in Resources */ = {isa = PBXBuildFile; fileRef = 607DBF83242FEE6C00114DB7 /* SF-Pro-Text-SemiboldItalic.otf */; };
		607DBF96242FEE6D00114DB7 /* SF-Pro-Text-Bold.otf in Resources */ = {isa = PBXBuildFile; fileRef = 607DBF84242FEE6D00114DB7 /* SF-Pro-Text-Bold.otf */; };
		607DBF97242FEE6D00114DB7 /* SF-Pro-Text-MediumItalic.otf in Resources */ = {isa = PBXBuildFile; fileRef = 607DBF85242FEE6D00114DB7 /* SF-Pro-Text-MediumItalic.otf */; };
		607DBF98242FEE6D00114DB7 /* SF-Pro-Text-Heavy.otf in Resources */ = {isa = PBXBuildFile; fileRef = 607DBF86242FEE6D00114DB7 /* SF-Pro-Text-Heavy.otf */; };
		607DBF9B242FF0F400114DB7 /* CustomFonts.swift in Sources */ = {isa = PBXBuildFile; fileRef = 607DBF9A242FF0F400114DB7 /* CustomFonts.swift */; };
		607DBF9D242FF37900114DB7 /* GuideStyles.swift in Sources */ = {isa = PBXBuildFile; fileRef = 607DBF9C242FF37900114DB7 /* GuideStyles.swift */; };
		60C7A4C2242BFE72009E4CEB /* CircleView.swift in Sources */ = {isa = PBXBuildFile; fileRef = 60C7A4C1242BFE72009E4CEB /* CircleView.swift */; };
/* End PBXBuildFile section */

/* Begin PBXContainerItemProxy section */
		604F07AD2427C3EC0033DE61 /* PBXContainerItemProxy */ = {
			isa = PBXContainerItemProxy;
			containerPortal = 604F07892427C3E90033DE61 /* Project object */;
			proxyType = 1;
			remoteGlobalIDString = 604F07902427C3EA0033DE61;
			remoteInfo = Schedular;
		};
		604F07B82427C3EC0033DE61 /* PBXContainerItemProxy */ = {
			isa = PBXContainerItemProxy;
			containerPortal = 604F07892427C3E90033DE61 /* Project object */;
			proxyType = 1;
			remoteGlobalIDString = 604F07902427C3EA0033DE61;
			remoteInfo = Schedular;
		};
/* End PBXContainerItemProxy section */

/* Begin PBXFileReference section */
		6012EAD624292D4F00D93F77 /* TabBarController.swift */ = {isa = PBXFileReference; lastKnownFileType = sourcecode.swift; path = TabBarController.swift; sourceTree = "<group>"; };
		6024A749242D409500BF768E /* RemindersLabel.swift */ = {isa = PBXFileReference; lastKnownFileType = sourcecode.swift; path = RemindersLabel.swift; sourceTree = "<group>"; };
		6024A74B242D4AFB00BF768E /* RemindersRow.swift */ = {isa = PBXFileReference; lastKnownFileType = sourcecode.swift; path = RemindersRow.swift; sourceTree = "<group>"; };
		604F07912427C3EA0033DE61 /* CheckNext.app */ = {isa = PBXFileReference; explicitFileType = wrapper.application; includeInIndex = 0; path = CheckNext.app; sourceTree = BUILT_PRODUCTS_DIR; };
		604F07942427C3EA0033DE61 /* AppDelegate.swift */ = {isa = PBXFileReference; lastKnownFileType = sourcecode.swift; path = AppDelegate.swift; sourceTree = "<group>"; };
		604F07962427C3EA0033DE61 /* SceneDelegate.swift */ = {isa = PBXFileReference; lastKnownFileType = sourcecode.swift; path = SceneDelegate.swift; sourceTree = "<group>"; };
		604F07982427C3EA0033DE61 /* ScheduleViewController.swift */ = {isa = PBXFileReference; lastKnownFileType = sourcecode.swift; path = ScheduleViewController.swift; sourceTree = "<group>"; };
		604F079A2427C3EA0033DE61 /* CalendarViewController.swift */ = {isa = PBXFileReference; lastKnownFileType = sourcecode.swift; path = CalendarViewController.swift; sourceTree = "<group>"; };
		604F07A02427C3EA0033DE61 /* Schedular.xcdatamodel */ = {isa = PBXFileReference; lastKnownFileType = wrapper.xcdatamodel; path = Schedular.xcdatamodel; sourceTree = "<group>"; };
		604F07A22427C3EC0033DE61 /* Assets.xcassets */ = {isa = PBXFileReference; lastKnownFileType = folder.assetcatalog; path = Assets.xcassets; sourceTree = "<group>"; };
		604F07A52427C3EC0033DE61 /* Base */ = {isa = PBXFileReference; lastKnownFileType = file.storyboard; name = Base; path = Base.lproj/LaunchScreen.storyboard; sourceTree = "<group>"; };
		604F07A72427C3EC0033DE61 /* Info.plist */ = {isa = PBXFileReference; lastKnownFileType = text.plist.xml; path = Info.plist; sourceTree = "<group>"; };
		604F07AC2427C3EC0033DE61 /* SchedularTests.xctest */ = {isa = PBXFileReference; explicitFileType = wrapper.cfbundle; includeInIndex = 0; path = SchedularTests.xctest; sourceTree = BUILT_PRODUCTS_DIR; };
		604F07B02427C3EC0033DE61 /* SchedularTests.swift */ = {isa = PBXFileReference; lastKnownFileType = sourcecode.swift; path = SchedularTests.swift; sourceTree = "<group>"; };
		604F07B22427C3EC0033DE61 /* Info.plist */ = {isa = PBXFileReference; lastKnownFileType = text.plist.xml; path = Info.plist; sourceTree = "<group>"; };
		604F07B72427C3EC0033DE61 /* SchedularUITests.xctest */ = {isa = PBXFileReference; explicitFileType = wrapper.cfbundle; includeInIndex = 0; path = SchedularUITests.xctest; sourceTree = BUILT_PRODUCTS_DIR; };
		604F07BB2427C3EC0033DE61 /* SchedularUITests.swift */ = {isa = PBXFileReference; lastKnownFileType = sourcecode.swift; path = SchedularUITests.swift; sourceTree = "<group>"; };
		604F07BD2427C3EC0033DE61 /* Info.plist */ = {isa = PBXFileReference; lastKnownFileType = text.plist.xml; path = Info.plist; sourceTree = "<group>"; };
		604F07CB2427C4900033DE61 /* FirstLaunch.playground */ = {isa = PBXFileReference; lastKnownFileType = file.playground; path = FirstLaunch.playground; sourceTree = "<group>"; xcLanguageSpecificationIdentifier = xcode.lang.swift; };
		605859BD24294F2B00F2799D /* ColorPallete.swift */ = {isa = PBXFileReference; lastKnownFileType = sourcecode.swift; path = ColorPallete.swift; sourceTree = "<group>"; };
		605859BF2429570E00F2799D /* SettingsViewController.swift */ = {isa = PBXFileReference; lastKnownFileType = sourcecode.swift; path = SettingsViewController.swift; sourceTree = "<group>"; };
		606AFEC6242A9FEB00828350 /* Localizer.swift */ = {isa = PBXFileReference; lastKnownFileType = sourcecode.swift; path = Localizer.swift; sourceTree = "<group>"; };
		606AFEC8242AA02D00828350 /* Localizable.strings */ = {isa = PBXFileReference; lastKnownFileType = text.plist.strings; path = Localizable.strings; sourceTree = "<group>"; };
		606AFECA242AA95800828350 /* RemindersCard.swift */ = {isa = PBXFileReference; lastKnownFileType = sourcecode.swift; path = RemindersCard.swift; sourceTree = "<group>"; };
		607DBF4B242FE8FB00114DB7 /* InfoPlist.strings */ = {isa = PBXFileReference; lastKnownFileType = text.plist.strings; path = InfoPlist.strings; sourceTree = "<group>"; };
		607DBF50242FEE2300114DB7 /* SF-Pro-Display-RegularItalic.otf */ = {isa = PBXFileReference; lastKnownFileType = file; path = "SF-Pro-Display-RegularItalic.otf"; sourceTree = "<group>"; };
		607DBF51242FEE2400114DB7 /* SF-Pro-Display-MediumItalic.otf */ = {isa = PBXFileReference; lastKnownFileType = file; path = "SF-Pro-Display-MediumItalic.otf"; sourceTree = "<group>"; };
		607DBF52242FEE2400114DB7 /* SF-Pro-Display-Medium.otf */ = {isa = PBXFileReference; lastKnownFileType = file; path = "SF-Pro-Display-Medium.otf"; sourceTree = "<group>"; };
		607DBF53242FEE2400114DB7 /* SF-Pro-Display-Light.otf */ = {isa = PBXFileReference; lastKnownFileType = file; path = "SF-Pro-Display-Light.otf"; sourceTree = "<group>"; };
		607DBF54242FEE2400114DB7 /* SF-Pro-Display-Bold.otf */ = {isa = PBXFileReference; lastKnownFileType = file; path = "SF-Pro-Display-Bold.otf"; sourceTree = "<group>"; };
		607DBF55242FEE2400114DB7 /* SF-Pro-Display-Thin.otf */ = {isa = PBXFileReference; lastKnownFileType = file; path = "SF-Pro-Display-Thin.otf"; sourceTree = "<group>"; };
		607DBF56242FEE2400114DB7 /* SF-Pro-Display-LightItalic.otf */ = {isa = PBXFileReference; lastKnownFileType = file; path = "SF-Pro-Display-LightItalic.otf"; sourceTree = "<group>"; };
		607DBF57242FEE2400114DB7 /* SF-Pro-Display-Ultralight.otf */ = {isa = PBXFileReference; lastKnownFileType = file; path = "SF-Pro-Display-Ultralight.otf"; sourceTree = "<group>"; };
		607DBF58242FEE2400114DB7 /* SF-Pro-Display-UltralightItalic.otf */ = {isa = PBXFileReference; lastKnownFileType = file; path = "SF-Pro-Display-UltralightItalic.otf"; sourceTree = "<group>"; };
		607DBF59242FEE2500114DB7 /* SF-Pro-Display-SemiboldItalic.otf */ = {isa = PBXFileReference; lastKnownFileType = file; path = "SF-Pro-Display-SemiboldItalic.otf"; sourceTree = "<group>"; };
		607DBF5A242FEE2500114DB7 /* SF-Pro-Display-ThinItalic.otf */ = {isa = PBXFileReference; lastKnownFileType = file; path = "SF-Pro-Display-ThinItalic.otf"; sourceTree = "<group>"; };
		607DBF5B242FEE2500114DB7 /* SF-Pro-Display-Heavy.otf */ = {isa = PBXFileReference; lastKnownFileType = file; path = "SF-Pro-Display-Heavy.otf"; sourceTree = "<group>"; };
		607DBF5C242FEE2500114DB7 /* SF-Pro-Display-BoldItalic.otf */ = {isa = PBXFileReference; lastKnownFileType = file; path = "SF-Pro-Display-BoldItalic.otf"; sourceTree = "<group>"; };
		607DBF5D242FEE2500114DB7 /* SF-Pro-Display-Semibold.otf */ = {isa = PBXFileReference; lastKnownFileType = file; path = "SF-Pro-Display-Semibold.otf"; sourceTree = "<group>"; };
		607DBF5E242FEE2500114DB7 /* SF-Pro-Display-Black.otf */ = {isa = PBXFileReference; lastKnownFileType = file; path = "SF-Pro-Display-Black.otf"; sourceTree = "<group>"; };
		607DBF5F242FEE2600114DB7 /* SF-Pro-Display-HeavyItalic.otf */ = {isa = PBXFileReference; lastKnownFileType = file; path = "SF-Pro-Display-HeavyItalic.otf"; sourceTree = "<group>"; };
		607DBF60242FEE2600114DB7 /* SF-Pro-Display-BlackItalic.otf */ = {isa = PBXFileReference; lastKnownFileType = file; path = "SF-Pro-Display-BlackItalic.otf"; sourceTree = "<group>"; };
		607DBF61242FEE2600114DB7 /* SF-Pro-Display-Regular.otf */ = {isa = PBXFileReference; lastKnownFileType = file; path = "SF-Pro-Display-Regular.otf"; sourceTree = "<group>"; };
		607DBF75242FEE6B00114DB7 /* SF-Pro-Text-BoldItalic.otf */ = {isa = PBXFileReference; lastKnownFileType = file; path = "SF-Pro-Text-BoldItalic.otf"; sourceTree = "<group>"; };
		607DBF76242FEE6B00114DB7 /* SF-Pro-Text-Thin.otf */ = {isa = PBXFileReference; lastKnownFileType = file; path = "SF-Pro-Text-Thin.otf"; sourceTree = "<group>"; };
		607DBF77242FEE6B00114DB7 /* SF-Pro-Text-Medium.otf */ = {isa = PBXFileReference; lastKnownFileType = file; path = "SF-Pro-Text-Medium.otf"; sourceTree = "<group>"; };
		607DBF78242FEE6B00114DB7 /* SF-Pro-Text-Semibold.otf */ = {isa = PBXFileReference; lastKnownFileType = file; path = "SF-Pro-Text-Semibold.otf"; sourceTree = "<group>"; };
		607DBF79242FEE6B00114DB7 /* SF-Pro-Text-HeavyItalic.otf */ = {isa = PBXFileReference; lastKnownFileType = file; path = "SF-Pro-Text-HeavyItalic.otf"; sourceTree = "<group>"; };
		607DBF7A242FEE6B00114DB7 /* SF-Pro-Text-Black.otf */ = {isa = PBXFileReference; lastKnownFileType = file; path = "SF-Pro-Text-Black.otf"; sourceTree = "<group>"; };
		607DBF7B242FEE6B00114DB7 /* SF-Pro-Text-LightItalic.otf */ = {isa = PBXFileReference; lastKnownFileType = file; path = "SF-Pro-Text-LightItalic.otf"; sourceTree = "<group>"; };
		607DBF7C242FEE6B00114DB7 /* SF-Pro-Text-UltralightItalic.otf */ = {isa = PBXFileReference; lastKnownFileType = file; path = "SF-Pro-Text-UltralightItalic.otf"; sourceTree = "<group>"; };
		607DBF7D242FEE6C00114DB7 /* SF-Pro-Text-ThinItalic.otf */ = {isa = PBXFileReference; lastKnownFileType = file; path = "SF-Pro-Text-ThinItalic.otf"; sourceTree = "<group>"; };
		607DBF7E242FEE6C00114DB7 /* SF-Pro-Text-Regular.otf */ = {isa = PBXFileReference; lastKnownFileType = file; path = "SF-Pro-Text-Regular.otf"; sourceTree = "<group>"; };
		607DBF7F242FEE6C00114DB7 /* SF-Pro-Text-Light.otf */ = {isa = PBXFileReference; lastKnownFileType = file; path = "SF-Pro-Text-Light.otf"; sourceTree = "<group>"; };
		607DBF80242FEE6C00114DB7 /* SF-Pro-Text-RegularItalic.otf */ = {isa = PBXFileReference; lastKnownFileType = file; path = "SF-Pro-Text-RegularItalic.otf"; sourceTree = "<group>"; };
		607DBF81242FEE6C00114DB7 /* SF-Pro-Text-Ultralight.otf */ = {isa = PBXFileReference; lastKnownFileType = file; path = "SF-Pro-Text-Ultralight.otf"; sourceTree = "<group>"; };
		607DBF82242FEE6C00114DB7 /* SF-Pro-Text-BlackItalic.otf */ = {isa = PBXFileReference; lastKnownFileType = file; path = "SF-Pro-Text-BlackItalic.otf"; sourceTree = "<group>"; };
		607DBF83242FEE6C00114DB7 /* SF-Pro-Text-SemiboldItalic.otf */ = {isa = PBXFileReference; lastKnownFileType = file; path = "SF-Pro-Text-SemiboldItalic.otf"; sourceTree = "<group>"; };
		607DBF84242FEE6D00114DB7 /* SF-Pro-Text-Bold.otf */ = {isa = PBXFileReference; lastKnownFileType = file; path = "SF-Pro-Text-Bold.otf"; sourceTree = "<group>"; };
		607DBF85242FEE6D00114DB7 /* SF-Pro-Text-MediumItalic.otf */ = {isa = PBXFileReference; lastKnownFileType = file; path = "SF-Pro-Text-MediumItalic.otf"; sourceTree = "<group>"; };
		607DBF86242FEE6D00114DB7 /* SF-Pro-Text-Heavy.otf */ = {isa = PBXFileReference; lastKnownFileType = file; path = "SF-Pro-Text-Heavy.otf"; sourceTree = "<group>"; };
		607DBF9A242FF0F400114DB7 /* CustomFonts.swift */ = {isa = PBXFileReference; lastKnownFileType = sourcecode.swift; path = CustomFonts.swift; sourceTree = "<group>"; };
		607DBF9C242FF37900114DB7 /* GuideStyles.swift */ = {isa = PBXFileReference; lastKnownFileType = sourcecode.swift; path = GuideStyles.swift; sourceTree = "<group>"; };
		608C8F37242E93C200A7267D /* CheckNext.entitlements */ = {isa = PBXFileReference; lastKnownFileType = text.plist.entitlements; path = CheckNext.entitlements; sourceTree = "<group>"; };
		60C755482427E22000DFA697 /* HomeScreen.playground */ = {isa = PBXFileReference; lastKnownFileType = file.playground; path = HomeScreen.playground; sourceTree = "<group>"; xcLanguageSpecificationIdentifier = xcode.lang.swift; };
		60C7A4C1242BFE72009E4CEB /* CircleView.swift */ = {isa = PBXFileReference; lastKnownFileType = sourcecode.swift; path = CircleView.swift; sourceTree = "<group>"; };
/* End PBXFileReference section */

/* Begin PBXFrameworksBuildPhase section */
		604F078E2427C3EA0033DE61 /* Frameworks */ = {
			isa = PBXFrameworksBuildPhase;
			buildActionMask = 2147483647;
			files = (
			);
			runOnlyForDeploymentPostprocessing = 0;
		};
		604F07A92427C3EC0033DE61 /* Frameworks */ = {
			isa = PBXFrameworksBuildPhase;
			buildActionMask = 2147483647;
			files = (
			);
			runOnlyForDeploymentPostprocessing = 0;
		};
		604F07B42427C3EC0033DE61 /* Frameworks */ = {
			isa = PBXFrameworksBuildPhase;
			buildActionMask = 2147483647;
			files = (
			);
			runOnlyForDeploymentPostprocessing = 0;
		};
/* End PBXFrameworksBuildPhase section */

/* Begin PBXGroup section */
		604F07882427C3E90033DE61 = {
			isa = PBXGroup;
			children = (
				604F07C92427C46A0033DE61 /* Playgrounds */,
				604F07932427C3EA0033DE61 /* Schedular */,
				604F07AF2427C3EC0033DE61 /* SchedularTests */,
				604F07BA2427C3EC0033DE61 /* SchedularUITests */,
				604F07922427C3EA0033DE61 /* Products */,
			);
			sourceTree = "<group>";
		};
		604F07922427C3EA0033DE61 /* Products */ = {
			isa = PBXGroup;
			children = (
				604F07912427C3EA0033DE61 /* CheckNext.app */,
				604F07AC2427C3EC0033DE61 /* SchedularTests.xctest */,
				604F07B72427C3EC0033DE61 /* SchedularUITests.xctest */,
			);
			name = Products;
			sourceTree = "<group>";
		};
		604F07932427C3EA0033DE61 /* Schedular */ = {
			isa = PBXGroup;
			children = (
				607DBF4D242FE9B800114DB7 /* Source */,
				604F07942427C3EA0033DE61 /* AppDelegate.swift */,
				604F07962427C3EA0033DE61 /* SceneDelegate.swift */,
				604F07A22427C3EC0033DE61 /* Assets.xcassets */,
				604F07A42427C3EC0033DE61 /* LaunchScreen.storyboard */,
				604F07A72427C3EC0033DE61 /* Info.plist */,
				604F079F2427C3EA0033DE61 /* Schedular.xcdatamodeld */,
				608C8F37242E93C200A7267D /* CheckNext.entitlements */,
				606AFEC8242AA02D00828350 /* Localizable.strings */,
				607DBF4B242FE8FB00114DB7 /* InfoPlist.strings */,
			);
			path = Schedular;
			sourceTree = "<group>";
		};
		604F07AF2427C3EC0033DE61 /* SchedularTests */ = {
			isa = PBXGroup;
			children = (
				604F07B02427C3EC0033DE61 /* SchedularTests.swift */,
				604F07B22427C3EC0033DE61 /* Info.plist */,
			);
			path = SchedularTests;
			sourceTree = "<group>";
		};
		604F07BA2427C3EC0033DE61 /* SchedularUITests */ = {
			isa = PBXGroup;
			children = (
				604F07BB2427C3EC0033DE61 /* SchedularUITests.swift */,
				604F07BD2427C3EC0033DE61 /* Info.plist */,
			);
			path = SchedularUITests;
			sourceTree = "<group>";
		};
		604F07C92427C46A0033DE61 /* Playgrounds */ = {
			isa = PBXGroup;
			children = (
				604F07CA2427C4750033DE61 /* Prototypes */,
			);
			path = Playgrounds;
			sourceTree = "<group>";
		};
		604F07CA2427C4750033DE61 /* Prototypes */ = {
			isa = PBXGroup;
			children = (
				604F07CB2427C4900033DE61 /* FirstLaunch.playground */,
				60C755482427E22000DFA697 /* HomeScreen.playground */,
			);
			path = Prototypes;
			sourceTree = "<group>";
		};
		605859BC24294F1700F2799D /* Utilities */ = {
			isa = PBXGroup;
			children = (
				605859BD24294F2B00F2799D /* ColorPallete.swift */,
				606AFEC6242A9FEB00828350 /* Localizer.swift */,
				607DBF9A242FF0F400114DB7 /* CustomFonts.swift */,
				607DBF9C242FF37900114DB7 /* GuideStyles.swift */,
			);
			path = Utilities;
			sourceTree = "<group>";
		};
		605859C1242A76ED00F2799D /* ViewControllers */ = {
			isa = PBXGroup;
			children = (
				605859C3242A772900F2799D /* Controllers */,
				605859C2242A771300F2799D /* Sreens */,
			);
			path = ViewControllers;
			sourceTree = "<group>";
		};
		605859C2242A771300F2799D /* Sreens */ = {
			isa = PBXGroup;
			children = (
				604F07982427C3EA0033DE61 /* ScheduleViewController.swift */,
				604F079A2427C3EA0033DE61 /* CalendarViewController.swift */,
				605859BF2429570E00F2799D /* SettingsViewController.swift */,
			);
			path = Sreens;
			sourceTree = "<group>";
		};
		605859C3242A772900F2799D /* Controllers */ = {
			isa = PBXGroup;
			children = (
				6012EAD624292D4F00D93F77 /* TabBarController.swift */,
			);
			path = Controllers;
			sourceTree = "<group>";
		};
		6063F656242A776D001EE17A /* Views */ = {
			isa = PBXGroup;
			children = (
				606AFECA242AA95800828350 /* RemindersCard.swift */,
				60C7A4C1242BFE72009E4CEB /* CircleView.swift */,
				6024A749242D409500BF768E /* RemindersLabel.swift */,
				6024A74B242D4AFB00BF768E /* RemindersRow.swift */,
			);
			path = Views;
			sourceTree = "<group>";
		};
		607DBF4D242FE9B800114DB7 /* Source */ = {
			isa = PBXGroup;
			children = (
				607DBF4E242FEA1400114DB7 /* Resources */,
				605859BC24294F1700F2799D /* Utilities */,
				605859C1242A76ED00F2799D /* ViewControllers */,
				6063F656242A776D001EE17A /* Views */,
			);
			path = Source;
			sourceTree = "<group>";
		};
		607DBF4E242FEA1400114DB7 /* Resources */ = {
			isa = PBXGroup;
			children = (
				607DBF4F242FEA1C00114DB7 /* Fonts */,
			);
			path = Resources;
			sourceTree = "<group>";
		};
		607DBF4F242FEA1C00114DB7 /* Fonts */ = {
			isa = PBXGroup;
			children = (
				607DBF99242FEE7300114DB7 /* SF-Pro-Text */,
				607DBF74242FEE3500114DB7 /* SF-Pro-Display */,
			);
			path = Fonts;
			sourceTree = "<group>";
		};
		607DBF74242FEE3500114DB7 /* SF-Pro-Display */ = {
			isa = PBXGroup;
			children = (
				607DBF5E242FEE2500114DB7 /* SF-Pro-Display-Black.otf */,
				607DBF60242FEE2600114DB7 /* SF-Pro-Display-BlackItalic.otf */,
				607DBF54242FEE2400114DB7 /* SF-Pro-Display-Bold.otf */,
				607DBF5C242FEE2500114DB7 /* SF-Pro-Display-BoldItalic.otf */,
				607DBF5B242FEE2500114DB7 /* SF-Pro-Display-Heavy.otf */,
				607DBF5F242FEE2600114DB7 /* SF-Pro-Display-HeavyItalic.otf */,
				607DBF53242FEE2400114DB7 /* SF-Pro-Display-Light.otf */,
				607DBF56242FEE2400114DB7 /* SF-Pro-Display-LightItalic.otf */,
				607DBF52242FEE2400114DB7 /* SF-Pro-Display-Medium.otf */,
				607DBF51242FEE2400114DB7 /* SF-Pro-Display-MediumItalic.otf */,
				607DBF61242FEE2600114DB7 /* SF-Pro-Display-Regular.otf */,
				607DBF50242FEE2300114DB7 /* SF-Pro-Display-RegularItalic.otf */,
				607DBF5D242FEE2500114DB7 /* SF-Pro-Display-Semibold.otf */,
				607DBF59242FEE2500114DB7 /* SF-Pro-Display-SemiboldItalic.otf */,
				607DBF55242FEE2400114DB7 /* SF-Pro-Display-Thin.otf */,
				607DBF5A242FEE2500114DB7 /* SF-Pro-Display-ThinItalic.otf */,
				607DBF57242FEE2400114DB7 /* SF-Pro-Display-Ultralight.otf */,
				607DBF58242FEE2400114DB7 /* SF-Pro-Display-UltralightItalic.otf */,
			);
			path = "SF-Pro-Display";
			sourceTree = "<group>";
		};
		607DBF99242FEE7300114DB7 /* SF-Pro-Text */ = {
			isa = PBXGroup;
			children = (
				607DBF7A242FEE6B00114DB7 /* SF-Pro-Text-Black.otf */,
				607DBF82242FEE6C00114DB7 /* SF-Pro-Text-BlackItalic.otf */,
				607DBF84242FEE6D00114DB7 /* SF-Pro-Text-Bold.otf */,
				607DBF75242FEE6B00114DB7 /* SF-Pro-Text-BoldItalic.otf */,
				607DBF86242FEE6D00114DB7 /* SF-Pro-Text-Heavy.otf */,
				607DBF79242FEE6B00114DB7 /* SF-Pro-Text-HeavyItalic.otf */,
				607DBF7F242FEE6C00114DB7 /* SF-Pro-Text-Light.otf */,
				607DBF7B242FEE6B00114DB7 /* SF-Pro-Text-LightItalic.otf */,
				607DBF77242FEE6B00114DB7 /* SF-Pro-Text-Medium.otf */,
				607DBF85242FEE6D00114DB7 /* SF-Pro-Text-MediumItalic.otf */,
				607DBF7E242FEE6C00114DB7 /* SF-Pro-Text-Regular.otf */,
				607DBF80242FEE6C00114DB7 /* SF-Pro-Text-RegularItalic.otf */,
				607DBF78242FEE6B00114DB7 /* SF-Pro-Text-Semibold.otf */,
				607DBF83242FEE6C00114DB7 /* SF-Pro-Text-SemiboldItalic.otf */,
				607DBF76242FEE6B00114DB7 /* SF-Pro-Text-Thin.otf */,
				607DBF7D242FEE6C00114DB7 /* SF-Pro-Text-ThinItalic.otf */,
				607DBF81242FEE6C00114DB7 /* SF-Pro-Text-Ultralight.otf */,
				607DBF7C242FEE6B00114DB7 /* SF-Pro-Text-UltralightItalic.otf */,
			);
			path = "SF-Pro-Text";
			sourceTree = "<group>";
		};
/* End PBXGroup section */

/* Begin PBXNativeTarget section */
		604F07902427C3EA0033DE61 /* Schedular */ = {
			isa = PBXNativeTarget;
			buildConfigurationList = 604F07C02427C3EC0033DE61 /* Build configuration list for PBXNativeTarget "Schedular" */;
			buildPhases = (
				604F078D2427C3EA0033DE61 /* Sources */,
				604F078E2427C3EA0033DE61 /* Frameworks */,
				604F078F2427C3EA0033DE61 /* Resources */,
			);
			buildRules = (
			);
			dependencies = (
			);
			name = Schedular;
			productName = Schedular;
			productReference = 604F07912427C3EA0033DE61 /* CheckNext.app */;
			productType = "com.apple.product-type.application";
		};
		604F07AB2427C3EC0033DE61 /* SchedularTests */ = {
			isa = PBXNativeTarget;
			buildConfigurationList = 604F07C32427C3EC0033DE61 /* Build configuration list for PBXNativeTarget "SchedularTests" */;
			buildPhases = (
				604F07A82427C3EC0033DE61 /* Sources */,
				604F07A92427C3EC0033DE61 /* Frameworks */,
				604F07AA2427C3EC0033DE61 /* Resources */,
			);
			buildRules = (
			);
			dependencies = (
				604F07AE2427C3EC0033DE61 /* PBXTargetDependency */,
			);
			name = SchedularTests;
			productName = SchedularTests;
			productReference = 604F07AC2427C3EC0033DE61 /* SchedularTests.xctest */;
			productType = "com.apple.product-type.bundle.unit-test";
		};
		604F07B62427C3EC0033DE61 /* SchedularUITests */ = {
			isa = PBXNativeTarget;
			buildConfigurationList = 604F07C62427C3EC0033DE61 /* Build configuration list for PBXNativeTarget "SchedularUITests" */;
			buildPhases = (
				604F07B32427C3EC0033DE61 /* Sources */,
				604F07B42427C3EC0033DE61 /* Frameworks */,
				604F07B52427C3EC0033DE61 /* Resources */,
			);
			buildRules = (
			);
			dependencies = (
				604F07B92427C3EC0033DE61 /* PBXTargetDependency */,
			);
			name = SchedularUITests;
			productName = SchedularUITests;
			productReference = 604F07B72427C3EC0033DE61 /* SchedularUITests.xctest */;
			productType = "com.apple.product-type.bundle.ui-testing";
		};
/* End PBXNativeTarget section */

/* Begin PBXProject section */
		604F07892427C3E90033DE61 /* Project object */ = {
			isa = PBXProject;
			attributes = {
				LastSwiftUpdateCheck = 1130;
				LastUpgradeCheck = 1130;
				ORGANIZATIONNAME = Kamaal;
				TargetAttributes = {
					604F07902427C3EA0033DE61 = {
						CreatedOnToolsVersion = 11.3.1;
					};
					604F07AB2427C3EC0033DE61 = {
						CreatedOnToolsVersion = 11.3.1;
						TestTargetID = 604F07902427C3EA0033DE61;
					};
					604F07B62427C3EC0033DE61 = {
						CreatedOnToolsVersion = 11.3.1;
						TestTargetID = 604F07902427C3EA0033DE61;
					};
				};
			};
			buildConfigurationList = 604F078C2427C3E90033DE61 /* Build configuration list for PBXProject "Schedular" */;
			compatibilityVersion = "Xcode 9.3";
			developmentRegion = en;
			hasScannedForEncodings = 0;
			knownRegions = (
				en,
				Base,
			);
			mainGroup = 604F07882427C3E90033DE61;
			productRefGroup = 604F07922427C3EA0033DE61 /* Products */;
			projectDirPath = "";
			projectRoot = "";
			targets = (
				604F07902427C3EA0033DE61 /* Schedular */,
				604F07AB2427C3EC0033DE61 /* SchedularTests */,
				604F07B62427C3EC0033DE61 /* SchedularUITests */,
			);
		};
/* End PBXProject section */

/* Begin PBXResourcesBuildPhase section */
		604F078F2427C3EA0033DE61 /* Resources */ = {
			isa = PBXResourcesBuildPhase;
			buildActionMask = 2147483647;
			files = (
				607DBF96242FEE6D00114DB7 /* SF-Pro-Text-Bold.otf in Resources */,
				607DBF6B242FEE2600114DB7 /* SF-Pro-Display-SemiboldItalic.otf in Resources */,
				607DBF67242FEE2600114DB7 /* SF-Pro-Display-Thin.otf in Resources */,
				604F07A62427C3EC0033DE61 /* LaunchScreen.storyboard in Resources */,
				607DBF6D242FEE2600114DB7 /* SF-Pro-Display-Heavy.otf in Resources */,
				607DBF92242FEE6D00114DB7 /* SF-Pro-Text-RegularItalic.otf in Resources */,
				607DBF6E242FEE2600114DB7 /* SF-Pro-Display-BoldItalic.otf in Resources */,
				607DBF98242FEE6D00114DB7 /* SF-Pro-Text-Heavy.otf in Resources */,
				607DBF4C242FE8FB00114DB7 /* InfoPlist.strings in Resources */,
				607DBF6F242FEE2600114DB7 /* SF-Pro-Display-Semibold.otf in Resources */,
				607DBF69242FEE2600114DB7 /* SF-Pro-Display-Ultralight.otf in Resources */,
				607DBF66242FEE2600114DB7 /* SF-Pro-Display-Bold.otf in Resources */,
				607DBF95242FEE6D00114DB7 /* SF-Pro-Text-SemiboldItalic.otf in Resources */,
				606AFEC9242AA02D00828350 /* Localizable.strings in Resources */,
				607DBF8A242FEE6D00114DB7 /* SF-Pro-Text-Semibold.otf in Resources */,
				607DBF91242FEE6D00114DB7 /* SF-Pro-Text-Light.otf in Resources */,
				607DBF6A242FEE2600114DB7 /* SF-Pro-Display-UltralightItalic.otf in Resources */,
				607DBF8E242FEE6D00114DB7 /* SF-Pro-Text-UltralightItalic.otf in Resources */,
				607DBF94242FEE6D00114DB7 /* SF-Pro-Text-BlackItalic.otf in Resources */,
				607DBF70242FEE2600114DB7 /* SF-Pro-Display-Black.otf in Resources */,
				607DBF73242FEE2600114DB7 /* SF-Pro-Display-Regular.otf in Resources */,
				607DBF8F242FEE6D00114DB7 /* SF-Pro-Text-ThinItalic.otf in Resources */,
				607DBF8B242FEE6D00114DB7 /* SF-Pro-Text-HeavyItalic.otf in Resources */,
				607DBF93242FEE6D00114DB7 /* SF-Pro-Text-Ultralight.otf in Resources */,
				607DBF89242FEE6D00114DB7 /* SF-Pro-Text-Medium.otf in Resources */,
				607DBF62242FEE2600114DB7 /* SF-Pro-Display-RegularItalic.otf in Resources */,
				607DBF63242FEE2600114DB7 /* SF-Pro-Display-MediumItalic.otf in Resources */,
				604F07A32427C3EC0033DE61 /* Assets.xcassets in Resources */,
				607DBF97242FEE6D00114DB7 /* SF-Pro-Text-MediumItalic.otf in Resources */,
				607DBF8C242FEE6D00114DB7 /* SF-Pro-Text-Black.otf in Resources */,
				607DBF90242FEE6D00114DB7 /* SF-Pro-Text-Regular.otf in Resources */,
				607DBF68242FEE2600114DB7 /* SF-Pro-Display-LightItalic.otf in Resources */,
				607DBF72242FEE2600114DB7 /* SF-Pro-Display-BlackItalic.otf in Resources */,
				607DBF87242FEE6D00114DB7 /* SF-Pro-Text-BoldItalic.otf in Resources */,
				607DBF65242FEE2600114DB7 /* SF-Pro-Display-Light.otf in Resources */,
				607DBF88242FEE6D00114DB7 /* SF-Pro-Text-Thin.otf in Resources */,
				607DBF8D242FEE6D00114DB7 /* SF-Pro-Text-LightItalic.otf in Resources */,
				607DBF6C242FEE2600114DB7 /* SF-Pro-Display-ThinItalic.otf in Resources */,
				607DBF64242FEE2600114DB7 /* SF-Pro-Display-Medium.otf in Resources */,
				607DBF71242FEE2600114DB7 /* SF-Pro-Display-HeavyItalic.otf in Resources */,
			);
			runOnlyForDeploymentPostprocessing = 0;
		};
		604F07AA2427C3EC0033DE61 /* Resources */ = {
			isa = PBXResourcesBuildPhase;
			buildActionMask = 2147483647;
			files = (
			);
			runOnlyForDeploymentPostprocessing = 0;
		};
		604F07B52427C3EC0033DE61 /* Resources */ = {
			isa = PBXResourcesBuildPhase;
			buildActionMask = 2147483647;
			files = (
			);
			runOnlyForDeploymentPostprocessing = 0;
		};
/* End PBXResourcesBuildPhase section */

/* Begin PBXSourcesBuildPhase section */
		604F078D2427C3EA0033DE61 /* Sources */ = {
			isa = PBXSourcesBuildPhase;
			buildActionMask = 2147483647;
			files = (
				60C7A4C2242BFE72009E4CEB /* CircleView.swift in Sources */,
				605859BE24294F2B00F2799D /* ColorPallete.swift in Sources */,
				604F079B2427C3EA0033DE61 /* CalendarViewController.swift in Sources */,
				604F07992427C3EA0033DE61 /* ScheduleViewController.swift in Sources */,
				604F07952427C3EA0033DE61 /* AppDelegate.swift in Sources */,
				6012EAD724292D4F00D93F77 /* TabBarController.swift in Sources */,
				607DBF9D242FF37900114DB7 /* GuideStyles.swift in Sources */,
				604F07A12427C3EA0033DE61 /* Schedular.xcdatamodeld in Sources */,
				606AFEC7242A9FEB00828350 /* Localizer.swift in Sources */,
				606AFECB242AA95800828350 /* RemindersCard.swift in Sources */,
				607DBF9B242FF0F400114DB7 /* CustomFonts.swift in Sources */,
				6024A74C242D4AFB00BF768E /* RemindersRow.swift in Sources */,
				604F07972427C3EA0033DE61 /* SceneDelegate.swift in Sources */,
				605859C02429570E00F2799D /* SettingsViewController.swift in Sources */,
				6024A74A242D409500BF768E /* RemindersLabel.swift in Sources */,
			);
			runOnlyForDeploymentPostprocessing = 0;
		};
		604F07A82427C3EC0033DE61 /* Sources */ = {
			isa = PBXSourcesBuildPhase;
			buildActionMask = 2147483647;
			files = (
				604F07B12427C3EC0033DE61 /* SchedularTests.swift in Sources */,
			);
			runOnlyForDeploymentPostprocessing = 0;
		};
		604F07B32427C3EC0033DE61 /* Sources */ = {
			isa = PBXSourcesBuildPhase;
			buildActionMask = 2147483647;
			files = (
				604F07BC2427C3EC0033DE61 /* SchedularUITests.swift in Sources */,
			);
			runOnlyForDeploymentPostprocessing = 0;
		};
/* End PBXSourcesBuildPhase section */

/* Begin PBXTargetDependency section */
		604F07AE2427C3EC0033DE61 /* PBXTargetDependency */ = {
			isa = PBXTargetDependency;
			target = 604F07902427C3EA0033DE61 /* Schedular */;
			targetProxy = 604F07AD2427C3EC0033DE61 /* PBXContainerItemProxy */;
		};
		604F07B92427C3EC0033DE61 /* PBXTargetDependency */ = {
			isa = PBXTargetDependency;
			target = 604F07902427C3EA0033DE61 /* Schedular */;
			targetProxy = 604F07B82427C3EC0033DE61 /* PBXContainerItemProxy */;
		};
/* End PBXTargetDependency section */

/* Begin PBXVariantGroup section */
		604F07A42427C3EC0033DE61 /* LaunchScreen.storyboard */ = {
			isa = PBXVariantGroup;
			children = (
				604F07A52427C3EC0033DE61 /* Base */,
			);
			name = LaunchScreen.storyboard;
			sourceTree = "<group>";
		};
/* End PBXVariantGroup section */

/* Begin XCBuildConfiguration section */
		604F07BE2427C3EC0033DE61 /* Debug */ = {
			isa = XCBuildConfiguration;
			buildSettings = {
				ALWAYS_SEARCH_USER_PATHS = NO;
				CLANG_ANALYZER_NONNULL = YES;
				CLANG_ANALYZER_NUMBER_OBJECT_CONVERSION = YES_AGGRESSIVE;
				CLANG_CXX_LANGUAGE_STANDARD = "gnu++14";
				CLANG_CXX_LIBRARY = "libc++";
				CLANG_ENABLE_MODULES = YES;
				CLANG_ENABLE_OBJC_ARC = YES;
				CLANG_ENABLE_OBJC_WEAK = YES;
				CLANG_WARN_BLOCK_CAPTURE_AUTORELEASING = YES;
				CLANG_WARN_BOOL_CONVERSION = YES;
				CLANG_WARN_COMMA = YES;
				CLANG_WARN_CONSTANT_CONVERSION = YES;
				CLANG_WARN_DEPRECATED_OBJC_IMPLEMENTATIONS = YES;
				CLANG_WARN_DIRECT_OBJC_ISA_USAGE = YES_ERROR;
				CLANG_WARN_DOCUMENTATION_COMMENTS = YES;
				CLANG_WARN_EMPTY_BODY = YES;
				CLANG_WARN_ENUM_CONVERSION = YES;
				CLANG_WARN_INFINITE_RECURSION = YES;
				CLANG_WARN_INT_CONVERSION = YES;
				CLANG_WARN_NON_LITERAL_NULL_CONVERSION = YES;
				CLANG_WARN_OBJC_IMPLICIT_RETAIN_SELF = YES;
				CLANG_WARN_OBJC_LITERAL_CONVERSION = YES;
				CLANG_WARN_OBJC_ROOT_CLASS = YES_ERROR;
				CLANG_WARN_RANGE_LOOP_ANALYSIS = YES;
				CLANG_WARN_STRICT_PROTOTYPES = YES;
				CLANG_WARN_SUSPICIOUS_MOVE = YES;
				CLANG_WARN_UNGUARDED_AVAILABILITY = YES_AGGRESSIVE;
				CLANG_WARN_UNREACHABLE_CODE = YES;
				CLANG_WARN__DUPLICATE_METHOD_MATCH = YES;
				COPY_PHASE_STRIP = NO;
				DEBUG_INFORMATION_FORMAT = dwarf;
				ENABLE_STRICT_OBJC_MSGSEND = YES;
				ENABLE_TESTABILITY = YES;
				GCC_C_LANGUAGE_STANDARD = gnu11;
				GCC_DYNAMIC_NO_PIC = NO;
				GCC_NO_COMMON_BLOCKS = YES;
				GCC_OPTIMIZATION_LEVEL = 0;
				GCC_PREPROCESSOR_DEFINITIONS = (
					"DEBUG=1",
					"$(inherited)",
				);
				GCC_WARN_64_TO_32_BIT_CONVERSION = YES;
				GCC_WARN_ABOUT_RETURN_TYPE = YES_ERROR;
				GCC_WARN_UNDECLARED_SELECTOR = YES;
				GCC_WARN_UNINITIALIZED_AUTOS = YES_AGGRESSIVE;
				GCC_WARN_UNUSED_FUNCTION = YES;
				GCC_WARN_UNUSED_VARIABLE = YES;
				IPHONEOS_DEPLOYMENT_TARGET = 13.0;
				MTL_ENABLE_DEBUG_INFO = INCLUDE_SOURCE;
				MTL_FAST_MATH = YES;
				ONLY_ACTIVE_ARCH = YES;
				SDKROOT = iphoneos;
				SWIFT_ACTIVE_COMPILATION_CONDITIONS = DEBUG;
				SWIFT_OPTIMIZATION_LEVEL = "-Onone";
			};
			name = Debug;
		};
		604F07BF2427C3EC0033DE61 /* Release */ = {
			isa = XCBuildConfiguration;
			buildSettings = {
				ALWAYS_SEARCH_USER_PATHS = NO;
				CLANG_ANALYZER_NONNULL = YES;
				CLANG_ANALYZER_NUMBER_OBJECT_CONVERSION = YES_AGGRESSIVE;
				CLANG_CXX_LANGUAGE_STANDARD = "gnu++14";
				CLANG_CXX_LIBRARY = "libc++";
				CLANG_ENABLE_MODULES = YES;
				CLANG_ENABLE_OBJC_ARC = YES;
				CLANG_ENABLE_OBJC_WEAK = YES;
				CLANG_WARN_BLOCK_CAPTURE_AUTORELEASING = YES;
				CLANG_WARN_BOOL_CONVERSION = YES;
				CLANG_WARN_COMMA = YES;
				CLANG_WARN_CONSTANT_CONVERSION = YES;
				CLANG_WARN_DEPRECATED_OBJC_IMPLEMENTATIONS = YES;
				CLANG_WARN_DIRECT_OBJC_ISA_USAGE = YES_ERROR;
				CLANG_WARN_DOCUMENTATION_COMMENTS = YES;
				CLANG_WARN_EMPTY_BODY = YES;
				CLANG_WARN_ENUM_CONVERSION = YES;
				CLANG_WARN_INFINITE_RECURSION = YES;
				CLANG_WARN_INT_CONVERSION = YES;
				CLANG_WARN_NON_LITERAL_NULL_CONVERSION = YES;
				CLANG_WARN_OBJC_IMPLICIT_RETAIN_SELF = YES;
				CLANG_WARN_OBJC_LITERAL_CONVERSION = YES;
				CLANG_WARN_OBJC_ROOT_CLASS = YES_ERROR;
				CLANG_WARN_RANGE_LOOP_ANALYSIS = YES;
				CLANG_WARN_STRICT_PROTOTYPES = YES;
				CLANG_WARN_SUSPICIOUS_MOVE = YES;
				CLANG_WARN_UNGUARDED_AVAILABILITY = YES_AGGRESSIVE;
				CLANG_WARN_UNREACHABLE_CODE = YES;
				CLANG_WARN__DUPLICATE_METHOD_MATCH = YES;
				COPY_PHASE_STRIP = NO;
				DEBUG_INFORMATION_FORMAT = "dwarf-with-dsym";
				ENABLE_NS_ASSERTIONS = NO;
				ENABLE_STRICT_OBJC_MSGSEND = YES;
				GCC_C_LANGUAGE_STANDARD = gnu11;
				GCC_NO_COMMON_BLOCKS = YES;
				GCC_WARN_64_TO_32_BIT_CONVERSION = YES;
				GCC_WARN_ABOUT_RETURN_TYPE = YES_ERROR;
				GCC_WARN_UNDECLARED_SELECTOR = YES;
				GCC_WARN_UNINITIALIZED_AUTOS = YES_AGGRESSIVE;
				GCC_WARN_UNUSED_FUNCTION = YES;
				GCC_WARN_UNUSED_VARIABLE = YES;
				IPHONEOS_DEPLOYMENT_TARGET = 13.0;
				MTL_ENABLE_DEBUG_INFO = NO;
				MTL_FAST_MATH = YES;
				SDKROOT = iphoneos;
				SWIFT_COMPILATION_MODE = wholemodule;
				SWIFT_OPTIMIZATION_LEVEL = "-O";
				VALIDATE_PRODUCT = YES;
			};
			name = Release;
		};
		604F07C12427C3EC0033DE61 /* Debug */ = {
			isa = XCBuildConfiguration;
			buildSettings = {
				ASSETCATALOG_COMPILER_APPICON_NAME = AppIcon;
				CODE_SIGN_ENTITLEMENTS = Schedular/CheckNext.entitlements;
				CODE_SIGN_STYLE = Automatic;
				DEVELOPMENT_TEAM = DXUKH9VF73;
				INFOPLIST_FILE = Schedular/Info.plist;
				LD_RUNPATH_SEARCH_PATHS = (
					"$(inherited)",
					"@executable_path/Frameworks",
				);
				PRODUCT_BUNDLE_IDENTIFIER = io.kamaal.checknext;
				PRODUCT_NAME = CheckNext;
				SWIFT_VERSION = 5.0;
				TARGETED_DEVICE_FAMILY = 1;
			};
			name = Debug;
		};
		604F07C22427C3EC0033DE61 /* Release */ = {
			isa = XCBuildConfiguration;
			buildSettings = {
				ASSETCATALOG_COMPILER_APPICON_NAME = AppIcon;
				CODE_SIGN_ENTITLEMENTS = Schedular/CheckNext.entitlements;
				CODE_SIGN_STYLE = Automatic;
				DEVELOPMENT_TEAM = DXUKH9VF73;
				INFOPLIST_FILE = Schedular/Info.plist;
				LD_RUNPATH_SEARCH_PATHS = (
					"$(inherited)",
					"@executable_path/Frameworks",
				);
				PRODUCT_BUNDLE_IDENTIFIER = io.kamaal.checknext;
				PRODUCT_NAME = CheckNext;
				SWIFT_VERSION = 5.0;
				TARGETED_DEVICE_FAMILY = 1;
			};
			name = Release;
		};
		604F07C42427C3EC0033DE61 /* Debug */ = {
			isa = XCBuildConfiguration;
			buildSettings = {
				ALWAYS_EMBED_SWIFT_STANDARD_LIBRARIES = YES;
				BUNDLE_LOADER = "$(TEST_HOST)";
				CODE_SIGN_STYLE = Automatic;
				DEVELOPMENT_TEAM = DXUKH9VF73;
				INFOPLIST_FILE = SchedularTests/Info.plist;
				IPHONEOS_DEPLOYMENT_TARGET = 13.2;
				LD_RUNPATH_SEARCH_PATHS = (
					"$(inherited)",
					"@executable_path/Frameworks",
					"@loader_path/Frameworks",
				);
				PRODUCT_BUNDLE_IDENTIFIER = io.kamaal.SchedularTests;
				PRODUCT_NAME = "$(TARGET_NAME)";
				SWIFT_VERSION = 5.0;
				TARGETED_DEVICE_FAMILY = "1,2";
				TEST_HOST = "$(BUILT_PRODUCTS_DIR)/Schedular.app/Schedular";
			};
			name = Debug;
		};
		604F07C52427C3EC0033DE61 /* Release */ = {
			isa = XCBuildConfiguration;
			buildSettings = {
				ALWAYS_EMBED_SWIFT_STANDARD_LIBRARIES = YES;
				BUNDLE_LOADER = "$(TEST_HOST)";
				CODE_SIGN_STYLE = Automatic;
				DEVELOPMENT_TEAM = DXUKH9VF73;
				INFOPLIST_FILE = SchedularTests/Info.plist;
				IPHONEOS_DEPLOYMENT_TARGET = 13.2;
				LD_RUNPATH_SEARCH_PATHS = (
					"$(inherited)",
					"@executable_path/Frameworks",
					"@loader_path/Frameworks",
				);
				PRODUCT_BUNDLE_IDENTIFIER = io.kamaal.SchedularTests;
				PRODUCT_NAME = "$(TARGET_NAME)";
				SWIFT_VERSION = 5.0;
				TARGETED_DEVICE_FAMILY = "1,2";
				TEST_HOST = "$(BUILT_PRODUCTS_DIR)/Schedular.app/Schedular";
			};
			name = Release;
		};
		604F07C72427C3EC0033DE61 /* Debug */ = {
			isa = XCBuildConfiguration;
			buildSettings = {
				ALWAYS_EMBED_SWIFT_STANDARD_LIBRARIES = YES;
				CODE_SIGN_STYLE = Automatic;
				DEVELOPMENT_TEAM = DXUKH9VF73;
				INFOPLIST_FILE = SchedularUITests/Info.plist;
				LD_RUNPATH_SEARCH_PATHS = (
					"$(inherited)",
					"@executable_path/Frameworks",
					"@loader_path/Frameworks",
				);
				PRODUCT_BUNDLE_IDENTIFIER = io.kamaal.SchedularUITests;
				PRODUCT_NAME = "$(TARGET_NAME)";
				SWIFT_VERSION = 5.0;
				TARGETED_DEVICE_FAMILY = "1,2";
				TEST_TARGET_NAME = Schedular;
			};
			name = Debug;
		};
		604F07C82427C3EC0033DE61 /* Release */ = {
			isa = XCBuildConfiguration;
			buildSettings = {
				ALWAYS_EMBED_SWIFT_STANDARD_LIBRARIES = YES;
				CODE_SIGN_STYLE = Automatic;
				DEVELOPMENT_TEAM = DXUKH9VF73;
				INFOPLIST_FILE = SchedularUITests/Info.plist;
				LD_RUNPATH_SEARCH_PATHS = (
					"$(inherited)",
					"@executable_path/Frameworks",
					"@loader_path/Frameworks",
				);
				PRODUCT_BUNDLE_IDENTIFIER = io.kamaal.SchedularUITests;
				PRODUCT_NAME = "$(TARGET_NAME)";
				SWIFT_VERSION = 5.0;
				TARGETED_DEVICE_FAMILY = "1,2";
				TEST_TARGET_NAME = Schedular;
			};
			name = Release;
		};
/* End XCBuildConfiguration section */

/* Begin XCConfigurationList section */
		604F078C2427C3E90033DE61 /* Build configuration list for PBXProject "Schedular" */ = {
			isa = XCConfigurationList;
			buildConfigurations = (
				604F07BE2427C3EC0033DE61 /* Debug */,
				604F07BF2427C3EC0033DE61 /* Release */,
			);
			defaultConfigurationIsVisible = 0;
			defaultConfigurationName = Release;
		};
		604F07C02427C3EC0033DE61 /* Build configuration list for PBXNativeTarget "Schedular" */ = {
			isa = XCConfigurationList;
			buildConfigurations = (
				604F07C12427C3EC0033DE61 /* Debug */,
				604F07C22427C3EC0033DE61 /* Release */,
			);
			defaultConfigurationIsVisible = 0;
			defaultConfigurationName = Release;
		};
		604F07C32427C3EC0033DE61 /* Build configuration list for PBXNativeTarget "SchedularTests" */ = {
			isa = XCConfigurationList;
			buildConfigurations = (
				604F07C42427C3EC0033DE61 /* Debug */,
				604F07C52427C3EC0033DE61 /* Release */,
			);
			defaultConfigurationIsVisible = 0;
			defaultConfigurationName = Release;
		};
		604F07C62427C3EC0033DE61 /* Build configuration list for PBXNativeTarget "SchedularUITests" */ = {
			isa = XCConfigurationList;
			buildConfigurations = (
				604F07C72427C3EC0033DE61 /* Debug */,
				604F07C82427C3EC0033DE61 /* Release */,
			);
			defaultConfigurationIsVisible = 0;
			defaultConfigurationName = Release;
		};
/* End XCConfigurationList section */

/* Begin XCVersionGroup section */
		604F079F2427C3EA0033DE61 /* Schedular.xcdatamodeld */ = {
			isa = XCVersionGroup;
			children = (
				604F07A02427C3EA0033DE61 /* Schedular.xcdatamodel */,
			);
			currentVersion = 604F07A02427C3EA0033DE61 /* Schedular.xcdatamodel */;
			path = Schedular.xcdatamodeld;
			sourceTree = "<group>";
			versionGroupType = wrapper.xcdatamodel;
		};
/* End XCVersionGroup section */
	};
	rootObject = 604F07892427C3E90033DE61 /* Project object */;
}
